// !$*UTF8*$!
{
	archiveVersion = 1;
	classes = {
	};
	objectVersion = 50;
	objects = {

/* Begin PBXAggregateTarget section */
		C41C2BF02302EC6700E40A2B /* APIKit-Static */ = {
			isa = PBXAggregateTarget;
			buildConfigurationList = C41C2BF12302EC6700E40A2B /* Build configuration list for PBXAggregateTarget "APIKit-Static" */;
			buildPhases = (
				C41C2BF42302EC6C00E40A2B /* ShellScript */,
			);
			dependencies = (
			);
			name = "APIKit-Static";
			productName = CarthagePackage;
		};
/* End PBXAggregateTarget section */

/* Begin PBXFileReference section */
		C41C2BFA2302F0A000E40A2B /* APIKit.xcconfig */ = {isa = PBXFileReference; fileEncoding = 4; lastKnownFileType = text.xcconfig; path = APIKit.xcconfig; sourceTree = "<group>"; };
		C41C2BFD2302F23D00E40A2B /* Release.xcconfig */ = {isa = PBXFileReference; fileEncoding = 4; lastKnownFileType = text.xcconfig; path = Release.xcconfig; sourceTree = "<group>"; };
		C41C2BFE2302F23D00E40A2B /* Debug.xcconfig */ = {isa = PBXFileReference; fileEncoding = 4; lastKnownFileType = text.xcconfig; path = Debug.xcconfig; sourceTree = "<group>"; };
/* End PBXFileReference section */

/* Begin PBXGroup section */
		C41C2BF92302F0A000E40A2B /* Configs */ = {
			isa = PBXGroup;
			children = (
				C41C2BFA2302F0A000E40A2B /* APIKit.xcconfig */,
				C41C2BFE2302F23D00E40A2B /* Debug.xcconfig */,
				C41C2BFD2302F23D00E40A2B /* Release.xcconfig */,
			);
			path = Configs;
			sourceTree = "<group>";
		};
		F22465062302B821001E6803 = {
			isa = PBXGroup;
			children = (
				C41C2BF92302F0A000E40A2B /* Configs */,
			);
			sourceTree = "<group>";
		};
/* End PBXGroup section */

/* Begin PBXProject section */
		F22465072302B821001E6803 /* Project object */ = {
			isa = PBXProject;
			attributes = {
				LastUpgradeCheck = 1020;
				TargetAttributes = {
					C41C2BF02302EC6700E40A2B = {
						CreatedOnToolsVersion = 11.0;
					};
				};
			};
			buildConfigurationList = F224650A2302B821001E6803 /* Build configuration list for PBXProject "CarthageStatic" */;
			compatibilityVersion = "Xcode 9.3";
			developmentRegion = en;
			hasScannedForEncodings = 0;
			knownRegions = (
				en,
			);
			mainGroup = F22465062302B821001E6803;
			projectDirPath = "";
			projectRoot = "";
			targets = (
				C41C2BF02302EC6700E40A2B /* APIKit-Static */,
			);
		};
/* End PBXProject section */

/* Begin PBXShellScriptBuildPhase section */
		C41C2BF42302EC6C00E40A2B /* ShellScript */ = {
			isa = PBXShellScriptBuildPhase;
			buildActionMask = 2147483647;
			files = (
			);
			inputFileListPaths = (
			);
			inputPaths = (
			);
			outputFileListPaths = (
			);
			outputPaths = (
			);
			runOnlyForDeploymentPostprocessing = 0;
			shellPath = /bin/sh;
			shellScript = "PACKAGE_DIR=$PROJECT_DIR/../Carthage/Checkouts/APIKit\n\ncd $PACKAGE_DIR\n$PROJECT_DIR/build-static-library.sh $PACKAGE_DIR/APIKit.xcodeproj APIKit $PROJECT_DIR/Configs/APIKit.xcconfig\n";
		};
/* End PBXShellScriptBuildPhase section */

/* Begin XCBuildConfiguration section */
		C41C2BF22302EC6700E40A2B /* Debug */ = {
			isa = XCBuildConfiguration;
			buildSettings = {
				CODE_SIGN_STYLE = Automatic;
				PRODUCT_NAME = "$(TARGET_NAME)";
			};
			name = Debug;
		};
		C41C2BF32302EC6700E40A2B /* Release */ = {
			isa = XCBuildConfiguration;
			buildSettings = {
				CODE_SIGN_STYLE = Automatic;
				PRODUCT_NAME = "$(TARGET_NAME)";
			};
			name = Release;
		};
		F224650B2302B821001E6803 /* Debug */ = {
			isa = XCBuildConfiguration;
			baseConfigurationReference = C41C2BFE2302F23D00E40A2B /* Debug.xcconfig */;
			buildSettings = {
			};
			name = Debug;
		};
		F224650C2302B821001E6803 /* Release */ = {
			isa = XCBuildConfiguration;
			baseConfigurationReference = C41C2BFD2302F23D00E40A2B /* Release.xcconfig */;
			buildSettings = {
			};
			name = Release;
		};
/* End XCBuildConfiguration section */

/* Begin XCConfigurationList section */
		C41C2BF12302EC6700E40A2B /* Build configuration list for PBXAggregateTarget "APIKit-Static" */ = {
			isa = XCConfigurationList;
			buildConfigurations = (
				C41C2BF22302EC6700E40A2B /* Debug */,
				C41C2BF32302EC6700E40A2B /* Release */,
			);
			defaultConfigurationIsVisible = 0;
			defaultConfigurationName = Release;
		};
		F224650A2302B821001E6803 /* Build configuration list for PBXProject "CarthageStatic" */ = {
			isa = XCConfigurationList;
			buildConfigurations = (
				F224650B2302B821001E6803 /* Debug */,
				F224650C2302B821001E6803 /* Release */,
			);
			defaultConfigurationIsVisible = 0;
			defaultConfigurationName = Release;
		};
/* End XCConfigurationList section */
	};
	rootObject = F22465072302B821001E6803 /* Project object */;
}
