// !$*UTF8*$!
{
	archiveVersion = 1;
	classes = {
	};
	objectVersion = 50;
	objects = {

/* Begin PBXBuildFile section */
		C41C2C032302F56500E40A2B /* Debug.xcconfig in Resources */ = {isa = PBXBuildFile; fileRef = C41C2C002302F56500E40A2B /* Debug.xcconfig */; };
		C41C2C042302F56500E40A2B /* Release.xcconfig in Resources */ = {isa = PBXBuildFile; fileRef = C41C2C012302F56500E40A2B /* Release.xcconfig */; };
		C41C2C052302F56500E40A2B /* Default.xcconfig in Resources */ = {isa = PBXBuildFile; fileRef = C41C2C022302F56500E40A2B /* Default.xcconfig */; };
		F29DF0B2225F3A7100E793E3 /* AppDelegate.swift in Sources */ = {isa = PBXBuildFile; fileRef = F29DF0B1225F3A7100E793E3 /* AppDelegate.swift */; };
		F29DF0B4225F3A7100E793E3 /* ViewController.swift in Sources */ = {isa = PBXBuildFile; fileRef = F29DF0B3225F3A7100E793E3 /* ViewController.swift */; };
		F29DF0B7225F3A7100E793E3 /* Main.storyboard in Resources */ = {isa = PBXBuildFile; fileRef = F29DF0B5225F3A7100E793E3 /* Main.storyboard */; };
		F29DF0B9225F3A7200E793E3 /* Assets.xcassets in Resources */ = {isa = PBXBuildFile; fileRef = F29DF0B8225F3A7200E793E3 /* Assets.xcassets */; };
		F29DF0BC225F3A7200E793E3 /* LaunchScreen.storyboard in Resources */ = {isa = PBXBuildFile; fileRef = F29DF0BA225F3A7200E793E3 /* LaunchScreen.storyboard */; };
/* End PBXBuildFile section */

/* Begin PBXContainerItemProxy section */
		C45FE3912302F68900782546 /* PBXContainerItemProxy */ = {
			isa = PBXContainerItemProxy;
			containerPortal = F224651A2302BDB7001E6803 /* CarthageStatic.xcodeproj */;
			proxyType = 1;
			remoteGlobalIDString = C41C2BF02302EC6700E40A2B;
			remoteInfo = "APIKit-Static";
		};
/* End PBXContainerItemProxy section */

/* Begin PBXCopyFilesBuildPhase section */
		F2A701832302A8A700F850A5 /* Embed Frameworks */ = {
			isa = PBXCopyFilesBuildPhase;
			buildActionMask = 2147483647;
			dstPath = "";
			dstSubfolderSpec = 10;
			files = (
			);
			name = "Embed Frameworks";
			runOnlyForDeploymentPostprocessing = 0;
		};
/* End PBXCopyFilesBuildPhase section */

/* Begin PBXFileReference section */
		C41C2C002302F56500E40A2B /* Debug.xcconfig */ = {isa = PBXFileReference; fileEncoding = 4; lastKnownFileType = text.xcconfig; path = Debug.xcconfig; sourceTree = "<group>"; };
		C41C2C012302F56500E40A2B /* Release.xcconfig */ = {isa = PBXFileReference; fileEncoding = 4; lastKnownFileType = text.xcconfig; path = Release.xcconfig; sourceTree = "<group>"; };
		C41C2C022302F56500E40A2B /* Default.xcconfig */ = {isa = PBXFileReference; fileEncoding = 4; lastKnownFileType = text.xcconfig; path = Default.xcconfig; sourceTree = "<group>"; };
		F224651A2302BDB7001E6803 /* CarthageStatic.xcodeproj */ = {isa = PBXFileReference; lastKnownFileType = "wrapper.pb-project"; name = CarthageStatic.xcodeproj; path = CarthageStatic/CarthageStatic.xcodeproj; sourceTree = "<group>"; };
		F29DF0AE225F3A7100E793E3 /* KateiSandbox.app */ = {isa = PBXFileReference; explicitFileType = wrapper.application; includeInIndex = 0; path = KateiSandbox.app; sourceTree = BUILT_PRODUCTS_DIR; };
		F29DF0B1225F3A7100E793E3 /* AppDelegate.swift */ = {isa = PBXFileReference; lastKnownFileType = sourcecode.swift; path = AppDelegate.swift; sourceTree = "<group>"; };
		F29DF0B3225F3A7100E793E3 /* ViewController.swift */ = {isa = PBXFileReference; lastKnownFileType = sourcecode.swift; path = ViewController.swift; sourceTree = "<group>"; };
		F29DF0B6225F3A7100E793E3 /* Base */ = {isa = PBXFileReference; lastKnownFileType = file.storyboard; name = Base; path = Base.lproj/Main.storyboard; sourceTree = "<group>"; };
		F29DF0B8225F3A7200E793E3 /* Assets.xcassets */ = {isa = PBXFileReference; lastKnownFileType = folder.assetcatalog; path = Assets.xcassets; sourceTree = "<group>"; };
		F29DF0BB225F3A7200E793E3 /* Base */ = {isa = PBXFileReference; lastKnownFileType = file.storyboard; name = Base; path = Base.lproj/LaunchScreen.storyboard; sourceTree = "<group>"; };
		F29DF0BD225F3A7200E793E3 /* Info.plist */ = {isa = PBXFileReference; lastKnownFileType = text.plist.xml; path = Info.plist; sourceTree = "<group>"; };
/* End PBXFileReference section */

/* Begin PBXFrameworksBuildPhase section */
		F29DF0AB225F3A7100E793E3 /* Frameworks */ = {
			isa = PBXFrameworksBuildPhase;
			buildActionMask = 2147483647;
			files = (
			);
			runOnlyForDeploymentPostprocessing = 0;
		};
/* End PBXFrameworksBuildPhase section */

/* Begin PBXGroup section */
		C41C2BFF2302F56500E40A2B /* Configs */ = {
			isa = PBXGroup;
			children = (
				C41C2C002302F56500E40A2B /* Debug.xcconfig */,
				C41C2C012302F56500E40A2B /* Release.xcconfig */,
				C41C2C022302F56500E40A2B /* Default.xcconfig */,
			);
			path = Configs;
			sourceTree = "<group>";
		};
		C45FE38E2302F68300782546 /* Products */ = {
			isa = PBXGroup;
			children = (
			);
			name = Products;
			sourceTree = "<group>";
		};
		F29DF0A5225F3A7100E793E3 = {
			isa = PBXGroup;
			children = (
				F224651A2302BDB7001E6803 /* CarthageStatic.xcodeproj */,
				C41C2BFF2302F56500E40A2B /* Configs */,
				F29DF0B0225F3A7100E793E3 /* KateiSandbox */,
				F29DF0AF225F3A7100E793E3 /* Products */,
			);
			sourceTree = "<group>";
		};
		F29DF0AF225F3A7100E793E3 /* Products */ = {
			isa = PBXGroup;
			children = (
				F29DF0AE225F3A7100E793E3 /* KateiSandbox.app */,
			);
			name = Products;
			sourceTree = "<group>";
		};
		F29DF0B0225F3A7100E793E3 /* KateiSandbox */ = {
			isa = PBXGroup;
			children = (
				F29DF0B1225F3A7100E793E3 /* AppDelegate.swift */,
				F29DF0B3225F3A7100E793E3 /* ViewController.swift */,
				F29DF0B5225F3A7100E793E3 /* Main.storyboard */,
				F29DF0B8225F3A7200E793E3 /* Assets.xcassets */,
				F29DF0BA225F3A7200E793E3 /* LaunchScreen.storyboard */,
				F29DF0BD225F3A7200E793E3 /* Info.plist */,
			);
			path = KateiSandbox;
			sourceTree = "<group>";
		};
/* End PBXGroup section */

/* Begin PBXNativeTarget section */
		F29DF0AD225F3A7100E793E3 /* KateiSandbox */ = {
			isa = PBXNativeTarget;
			buildConfigurationList = F29DF0C0225F3A7200E793E3 /* Build configuration list for PBXNativeTarget "KateiSandbox" */;
			buildPhases = (
				F29DF0AA225F3A7100E793E3 /* Sources */,
				F29DF0AB225F3A7100E793E3 /* Frameworks */,
				F29DF0AC225F3A7100E793E3 /* Resources */,
				F2A701832302A8A700F850A5 /* Embed Frameworks */,
			);
			buildRules = (
			);
			dependencies = (
				C45FE3922302F68900782546 /* PBXTargetDependency */,
			);
			name = KateiSandbox;
			productName = KateiSandbox;
			productReference = F29DF0AE225F3A7100E793E3 /* KateiSandbox.app */;
			productType = "com.apple.product-type.application";
		};
/* End PBXNativeTarget section */

/* Begin PBXProject section */
		F29DF0A6225F3A7100E793E3 /* Project object */ = {
			isa = PBXProject;
			attributes = {
				LastSwiftUpdateCheck = 1020;
				LastUpgradeCheck = 1010;
				ORGANIZATIONNAME = kateinoigakukun;
				TargetAttributes = {
					F29DF0AD225F3A7100E793E3 = {
						CreatedOnToolsVersion = 10.1;
					};
				};
			};
			buildConfigurationList = F29DF0A9225F3A7100E793E3 /* Build configuration list for PBXProject "KateiSandbox" */;
			compatibilityVersion = "Xcode 9.3";
			developmentRegion = en;
			hasScannedForEncodings = 0;
			knownRegions = (
				en,
				Base,
			);
			mainGroup = F29DF0A5225F3A7100E793E3;
			productRefGroup = F29DF0AF225F3A7100E793E3 /* Products */;
			projectDirPath = "";
			projectReferences = (
				{
					ProductGroup = C45FE38E2302F68300782546 /* Products */;
					ProjectRef = F224651A2302BDB7001E6803 /* CarthageStatic.xcodeproj */;
				},
			);
			projectRoot = "";
			targets = (
				F29DF0AD225F3A7100E793E3 /* KateiSandbox */,
			);
		};
/* End PBXProject section */

/* Begin PBXResourcesBuildPhase section */
		F29DF0AC225F3A7100E793E3 /* Resources */ = {
			isa = PBXResourcesBuildPhase;
			buildActionMask = 2147483647;
			files = (
				C41C2C032302F56500E40A2B /* Debug.xcconfig in Resources */,
				F29DF0BC225F3A7200E793E3 /* LaunchScreen.storyboard in Resources */,
				C41C2C052302F56500E40A2B /* Default.xcconfig in Resources */,
				F29DF0B9225F3A7200E793E3 /* Assets.xcassets in Resources */,
				F29DF0B7225F3A7100E793E3 /* Main.storyboard in Resources */,
				C41C2C042302F56500E40A2B /* Release.xcconfig in Resources */,
			);
			runOnlyForDeploymentPostprocessing = 0;
		};
/* End PBXResourcesBuildPhase section */

/* Begin PBXSourcesBuildPhase section */
		F29DF0AA225F3A7100E793E3 /* Sources */ = {
			isa = PBXSourcesBuildPhase;
			buildActionMask = 2147483647;
			files = (
				F29DF0B4225F3A7100E793E3 /* ViewController.swift in Sources */,
				F29DF0B2225F3A7100E793E3 /* AppDelegate.swift in Sources */,
			);
			runOnlyForDeploymentPostprocessing = 0;
		};
/* End PBXSourcesBuildPhase section */

/* Begin PBXTargetDependency section */
		C45FE3922302F68900782546 /* PBXTargetDependency */ = {
			isa = PBXTargetDependency;
			name = "APIKit-Static";
			targetProxy = C45FE3912302F68900782546 /* PBXContainerItemProxy */;
		};
/* End PBXTargetDependency section */

/* Begin PBXVariantGroup section */
		F29DF0B5225F3A7100E793E3 /* Main.storyboard */ = {
			isa = PBXVariantGroup;
			children = (
				F29DF0B6225F3A7100E793E3 /* Base */,
			);
			name = Main.storyboard;
			sourceTree = "<group>";
		};
		F29DF0BA225F3A7200E793E3 /* LaunchScreen.storyboard */ = {
			isa = PBXVariantGroup;
			children = (
				F29DF0BB225F3A7200E793E3 /* Base */,
			);
			name = LaunchScreen.storyboard;
			sourceTree = "<group>";
		};
/* End PBXVariantGroup section */

/* Begin XCBuildConfiguration section */
		F29DF0BE225F3A7200E793E3 /* Debug */ = {
			isa = XCBuildConfiguration;
			baseConfigurationReference = C41C2C002302F56500E40A2B /* Debug.xcconfig */;
			buildSettings = {
			};
			name = Debug;
		};
		F29DF0BF225F3A7200E793E3 /* Release */ = {
			isa = XCBuildConfiguration;
			baseConfigurationReference = C41C2C012302F56500E40A2B /* Release.xcconfig */;
			buildSettings = {
			};
			name = Release;
		};
		F29DF0C1225F3A7200E793E3 /* Debug */ = {
			isa = XCBuildConfiguration;
			buildSettings = {
				ASSETCATALOG_COMPILER_APPICON_NAME = AppIcon;
				CODE_SIGN_STYLE = Automatic;
				INFOPLIST_FILE = KateiSandbox/Info.plist;
				LD_RUNPATH_SEARCH_PATHS = (
					"$(inherited)",
					"@executable_path/Frameworks",
				);
				PRODUCT_BUNDLE_IDENTIFIER = katei.KateiSandbox;
				PRODUCT_NAME = "$(TARGET_NAME)";
				SWIFT_VERSION = 4.2;
				TARGETED_DEVICE_FAMILY = "1,2";
			};
			name = Debug;
		};
		F29DF0C2225F3A7200E793E3 /* Release */ = {
			isa = XCBuildConfiguration;
			buildSettings = {
				ASSETCATALOG_COMPILER_APPICON_NAME = AppIcon;
				CODE_SIGN_STYLE = Automatic;
				INFOPLIST_FILE = KateiSandbox/Info.plist;
				LD_RUNPATH_SEARCH_PATHS = (
					"$(inherited)",
					"@executable_path/Frameworks",
				);
				PRODUCT_BUNDLE_IDENTIFIER = katei.KateiSandbox;
				PRODUCT_NAME = "$(TARGET_NAME)";
				SWIFT_VERSION = 4.2;
				TARGETED_DEVICE_FAMILY = "1,2";
			};
			name = Release;
		};
/* End XCBuildConfiguration section */

/* Begin XCConfigurationList section */
		F29DF0A9225F3A7100E793E3 /* Build configuration list for PBXProject "KateiSandbox" */ = {
			isa = XCConfigurationList;
			buildConfigurations = (
				F29DF0BE225F3A7200E793E3 /* Debug */,
				F29DF0BF225F3A7200E793E3 /* Release */,
			);
			defaultConfigurationIsVisible = 0;
			defaultConfigurationName = Release;
		};
		F29DF0C0225F3A7200E793E3 /* Build configuration list for PBXNativeTarget "KateiSandbox" */ = {
			isa = XCConfigurationList;
			buildConfigurations = (
				F29DF0C1225F3A7200E793E3 /* Debug */,
				F29DF0C2225F3A7200E793E3 /* Release */,
			);
			defaultConfigurationIsVisible = 0;
			defaultConfigurationName = Release;
		};
/* End XCConfigurationList section */
	};
	rootObject = F29DF0A6225F3A7100E793E3 /* Project object */;
}
